// !$*UTF8*$!
{
	archiveVersion = 1;
	classes = {};
	objectVersion = 56;
	objects = {
		611315CA5FAFAC864D08188F = { isa = PBXFileReference; lastKnownFileType = "sourcecode.swift"; path = "ClockWork/App/ClockWorkApp.swift"; sourceTree = SOURCE_ROOT; };
		F5D059F7CE451E510407F08B = { isa = PBXFileReference; lastKnownFileType = "sourcecode.swift"; path = "ClockWork/Data/Models.swift"; sourceTree = SOURCE_ROOT; };
		D8A3BF9446455F5C79D41317 = { isa = PBXFileReference; lastKnownFileType = "sourcecode.swift"; path = "ClockWork/Data/WorkStore.swift"; sourceTree = SOURCE_ROOT; };
		9CF1FEC21C2CD62033A3BCD9 = { isa = PBXFileReference; lastKnownFileType = "sourcecode.swift"; path = "ClockWork/Domain/TimeAccounting.swift"; sourceTree = SOURCE_ROOT; };
		13A42ADE58B5D28884E6564F = { isa = PBXFileReference; lastKnownFileType = "sourcecode.swift"; path = "ClockWork/Domain/WorkRules.swift"; sourceTree = SOURCE_ROOT; };
		C67D2923EC7E1CC486484ABF = { isa = PBXFileReference; lastKnownFileType = "sourcecode.swift"; path = "ClockWork/Services/LocationService.swift"; sourceTree = SOURCE_ROOT; };
		A25C044D6A2E7F81616B3F04 = { isa = PBXFileReference; lastKnownFileType = "sourcecode.swift"; path = "ClockWork/Services/NotificationService.swift"; sourceTree = SOURCE_ROOT; };
		A21D5C6BB5557A05EB13A264 = { isa = PBXFileReference; lastKnownFileType = "sourcecode.swift"; path = "ClockWork/Views/HistoryView.swift"; sourceTree = SOURCE_ROOT; };
		0B207A11F8408F97B24BFEC9 = { isa = PBXFileReference; lastKnownFileType = "sourcecode.swift"; path = "ClockWork/Views/LocationsView.swift"; sourceTree = SOURCE_ROOT; };
		86F053BF72B1A5B1643FA91A = { isa = PBXFileReference; lastKnownFileType = "sourcecode.swift"; path = "ClockWork/Views/RootView.swift"; sourceTree = SOURCE_ROOT; };
		EAAEDDF4815F7527EADDB887 = { isa = PBXFileReference; lastKnownFileType = "sourcecode.swift"; path = "ClockWork/Views/SessionEditor.swift"; sourceTree = SOURCE_ROOT; };
		AF6FC76C2A11A9A621A4B7C7 = { isa = PBXFileReference; lastKnownFileType = "sourcecode.swift"; path = "ClockWork/Views/SettingsView.swift"; sourceTree = SOURCE_ROOT; };
		E5A463ABE35F5A8AFF1F73FC = { isa = PBXFileReference; lastKnownFileType = "sourcecode.swift"; path = "ClockWork/Views/StatisticsView.swift"; sourceTree = SOURCE_ROOT; };
		C45B57E6981F0ED75C9E8E14 = { isa = PBXFileReference; lastKnownFileType = "sourcecode.swift"; path = "ClockWork/Views/TodayView.swift"; sourceTree = SOURCE_ROOT; };
		368BCEAF34F01FBC855AD81C = { isa = PBXFileReference; lastKnownFileType = "sourcecode.swift"; path = "Tests/Core/TimeAccountingTests.swift"; sourceTree = SOURCE_ROOT; };
		1E8E975DF6DE056DBB25E89E = { isa = PBXFileReference; lastKnownFileType = "sourcecode.swift"; path = "Tests/Integration/WorkStoreTests.swift"; sourceTree = SOURCE_ROOT; };
		DBA48BFE9D534290AF9EC910 = { isa = PBXFileReference; lastKnownFileType = "text.plist.xml"; path = "ClockWork/Resources/PrivacyInfo.xcprivacy"; sourceTree = SOURCE_ROOT; };
		5D99EC90421601FAC146BD33 = { isa = PBXFileReference; lastKnownFileType = "folder.assetcatalog"; path = "ClockWork/Resources/Assets.xcassets"; sourceTree = SOURCE_ROOT; };
		B00CB86C23A604F4FFDF54B4 = { isa = PBXFileReference; lastKnownFileType = "text.plist.xml"; path = "ClockWork/Resources/Info.plist"; sourceTree = SOURCE_ROOT; };
		1EB3B7CB8355B1925187BCC2 = { isa = PBXFileReference; lastKnownFileType = "net.daringfireball.markdown"; path = "README.md"; sourceTree = SOURCE_ROOT; };
		C11A9FE6C347D4318FDA50A8 = { isa = PBXBuildFile; fileRef = 611315CA5FAFAC864D08188F; };
		F6955E04AB7A1D531C73C963 = { isa = PBXBuildFile; fileRef = F5D059F7CE451E510407F08B; };
		53BF6C0BBA21209A71A7662A = { isa = PBXBuildFile; fileRef = D8A3BF9446455F5C79D41317; };
		7DDDB8A411CBF41AF79FEE35 = { isa = PBXBuildFile; fileRef = 9CF1FEC21C2CD62033A3BCD9; };
		2912F39B060224EAC6195F51 = { isa = PBXBuildFile; fileRef = 13A42ADE58B5D28884E6564F; };
		621389DD4D98618583D9A828 = { isa = PBXBuildFile; fileRef = C67D2923EC7E1CC486484ABF; };
		FD517EE21707D0AB79312D38 = { isa = PBXBuildFile; fileRef = A25C044D6A2E7F81616B3F04; };
		138161F4BA1D84BF08FA36C8 = { isa = PBXBuildFile; fileRef = A21D5C6BB5557A05EB13A264; };
		4A02F83B6FB1E28D61FA40A5 = { isa = PBXBuildFile; fileRef = 0B207A11F8408F97B24BFEC9; };
		C78F2E806278000174AF7A19 = { isa = PBXBuildFile; fileRef = 86F053BF72B1A5B1643FA91A; };
		17CDDA4143FA20ADE55EDD55 = { isa = PBXBuildFile; fileRef = EAAEDDF4815F7527EADDB887; };
		2169072CB33007C490895FD3 = { isa = PBXBuildFile; fileRef = AF6FC76C2A11A9A621A4B7C7; };
		FCD2287323C5CC5BB03351DB = { isa = PBXBuildFile; fileRef = E5A463ABE35F5A8AFF1F73FC; };
		EB888339D9D3D0517C6A7C93 = { isa = PBXBuildFile; fileRef = C45B57E6981F0ED75C9E8E14; };
		608D0805A16502A9E629E282 = { isa = PBXBuildFile; fileRef = 368BCEAF34F01FBC855AD81C; };
		F2E6166CDA221DFC5856FB18 = { isa = PBXBuildFile; fileRef = 1E8E975DF6DE056DBB25E89E; };
		B88F16775260C2E7F88C820E = { isa = PBXBuildFile; fileRef = DBA48BFE9D534290AF9EC910; };
		9EEFECE6315902A1B96866A6 = { isa = PBXBuildFile; fileRef = 5D99EC90421601FAC146BD33; };
		681C948D238C526E9E3424E0 = { isa = PBXFileReference; explicitFileType = wrapper.application; includeInIndex = 0; path = ClockWork.app; sourceTree = BUILT_PRODUCTS_DIR; };
		F739566ED5280322FF98A798 = { isa = PBXFileReference; explicitFileType = wrapper.cfbundle; includeInIndex = 0; path = ClockWorkTests.xctest; sourceTree = BUILT_PRODUCTS_DIR; };
		C69913C7EE4DFDD011BE172F = { isa = PBXGroup; children = (FC233BDA2344D97687F5A251, C4E2E7F217DE3642E7714F4E, C5E55183ECB076EB335DF6EE, 1EB3B7CB8355B1925187BCC2, B9E7F2871A3402983868AFC8,); sourceTree = "<group>"; };
		FC233BDA2344D97687F5A251 = { isa = PBXGroup; name = ClockWork; children = (611315CA5FAFAC864D08188F, F5D059F7CE451E510407F08B, D8A3BF9446455F5C79D41317, 9CF1FEC21C2CD62033A3BCD9, 13A42ADE58B5D28884E6564F, C67D2923EC7E1CC486484ABF, A25C044D6A2E7F81616B3F04, A21D5C6BB5557A05EB13A264, 0B207A11F8408F97B24BFEC9, 86F053BF72B1A5B1643FA91A, EAAEDDF4815F7527EADDB887, AF6FC76C2A11A9A621A4B7C7, E5A463ABE35F5A8AFF1F73FC, C45B57E6981F0ED75C9E8E14,); sourceTree = "<group>"; };
		C4E2E7F217DE3642E7714F4E = { isa = PBXGroup; name = Tests; children = (368BCEAF34F01FBC855AD81C, 1E8E975DF6DE056DBB25E89E,); sourceTree = "<group>"; };
		C5E55183ECB076EB335DF6EE = { isa = PBXGroup; name = Resources; children = (DBA48BFE9D534290AF9EC910, 5D99EC90421601FAC146BD33, B00CB86C23A604F4FFDF54B4,); sourceTree = "<group>"; };
		B9E7F2871A3402983868AFC8 = { isa = PBXGroup; name = Products; children = (681C948D238C526E9E3424E0, F739566ED5280322FF98A798,); sourceTree = "<group>"; };
		AFF87A50730392B6633ACECE = { isa = PBXSourcesBuildPhase; buildActionMask = 2147483647; files = (C11A9FE6C347D4318FDA50A8, F6955E04AB7A1D531C73C963, 53BF6C0BBA21209A71A7662A, 7DDDB8A411CBF41AF79FEE35, 2912F39B060224EAC6195F51, 621389DD4D98618583D9A828, FD517EE21707D0AB79312D38, 138161F4BA1D84BF08FA36C8, 4A02F83B6FB1E28D61FA40A5, C78F2E806278000174AF7A19, 17CDDA4143FA20ADE55EDD55, 2169072CB33007C490895FD3, FCD2287323C5CC5BB03351DB, EB888339D9D3D0517C6A7C93,); runOnlyForDeploymentPostprocessing = 0; };
		7A4C2DC8FCA657188648E999 = { isa = PBXFrameworksBuildPhase; buildActionMask = 2147483647; files = (); runOnlyForDeploymentPostprocessing = 0; };
		F9187E824FE171A6F0EFAE28 = { isa = PBXResourcesBuildPhase; buildActionMask = 2147483647; files = (B88F16775260C2E7F88C820E, 9EEFECE6315902A1B96866A6,); runOnlyForDeploymentPostprocessing = 0; };
		DEE94446A282611C16F7781C = { isa = PBXSourcesBuildPhase; buildActionMask = 2147483647; files = (608D0805A16502A9E629E282, F2E6166CDA221DFC5856FB18,); runOnlyForDeploymentPostprocessing = 0; };
		B10CDED79664567B030B2B4F = { isa = PBXFrameworksBuildPhase; buildActionMask = 2147483647; files = (); runOnlyForDeploymentPostprocessing = 0; };
		1F030AB36D1A3A4389CF71AE = { isa = PBXResourcesBuildPhase; buildActionMask = 2147483647; files = (); runOnlyForDeploymentPostprocessing = 0; };
		1241936D4DD3AAD68FE7BFBD = { isa = PBXContainerItemProxy; containerPortal = 244210E48437B6556980A702; proxyType = 1; remoteGlobalIDString = C1E9827DB735CA9BAA54A540; remoteInfo = ClockWork; };
		F26350DAFE3F19AABFD69AC4 = { isa = PBXTargetDependency; target = C1E9827DB735CA9BAA54A540; targetProxy = 1241936D4DD3AAD68FE7BFBD; };
		C1E9827DB735CA9BAA54A540 = { isa = PBXNativeTarget; buildConfigurationList = 7BCEE9A04133D8A2FED7D4D3; buildPhases = (AFF87A50730392B6633ACECE, 7A4C2DC8FCA657188648E999, F9187E824FE171A6F0EFAE28,); buildRules = (); dependencies = (); name = ClockWork; productName = ClockWork; productReference = 681C948D238C526E9E3424E0; productType = "com.apple.product-type.application"; };
		9805CBD60EB4F66728D5D195 = { isa = PBXNativeTarget; buildConfigurationList = AD7020964E1E033F765FE484; buildPhases = (DEE94446A282611C16F7781C, B10CDED79664567B030B2B4F, 1F030AB36D1A3A4389CF71AE,); buildRules = (); dependencies = (F26350DAFE3F19AABFD69AC4,); name = ClockWorkTests; productName = ClockWorkTests; productReference = F739566ED5280322FF98A798; productType = "com.apple.product-type.bundle.unit-test"; };
		488864B3D19480A82F7F1786 = { isa = XCBuildConfiguration; buildSettings = { ALWAYS_SEARCH_USER_PATHS = "NO"; CLANG_ENABLE_MODULES = "YES"; CLANG_ENABLE_OBJC_ARC = "YES"; IPHONEOS_DEPLOYMENT_TARGET = "17.0"; SDKROOT = "iphoneos"; SWIFT_VERSION = "5.0"; SWIFT_STRICT_CONCURRENCY = "targeted"; ENABLE_USER_SCRIPT_SANDBOXING = "YES"; CLANG_WARN_DOCUMENTATION_COMMENTS = "YES"; GCC_WARN_UNUSED_FUNCTION = "YES"; DEBUG_INFORMATION_FORMAT = "dwarf"; SWIFT_OPTIMIZATION_LEVEL = "-Onone"; ENABLE_TESTABILITY = "YES"; SWIFT_ACTIVE_COMPILATION_CONDITIONS = "DEBUG $(inherited)"; ONLY_ACTIVE_ARCH = "YES"; }; name = Debug; };
		35B1014F135DE9B45529B733 = { isa = XCBuildConfiguration; buildSettings = { ALWAYS_SEARCH_USER_PATHS = "NO"; CLANG_ENABLE_MODULES = "YES"; CLANG_ENABLE_OBJC_ARC = "YES"; IPHONEOS_DEPLOYMENT_TARGET = "17.0"; SDKROOT = "iphoneos"; SWIFT_VERSION = "5.0"; SWIFT_STRICT_CONCURRENCY = "targeted"; ENABLE_USER_SCRIPT_SANDBOXING = "YES"; CLANG_WARN_DOCUMENTATION_COMMENTS = "YES"; GCC_WARN_UNUSED_FUNCTION = "YES"; DEBUG_INFORMATION_FORMAT = "dwarf-with-dsym"; SWIFT_OPTIMIZATION_LEVEL = "-O"; }; name = Release; };
		B4E10CAA9C5E22150B71559C = { isa = XCConfigurationList; buildConfigurations = (488864B3D19480A82F7F1786, 35B1014F135DE9B45529B733,); defaultConfigurationIsVisible = 0; defaultConfigurationName = Release; };
		2A04C20BF6D5C20A63A1D4CC = { isa = XCBuildConfiguration; buildSettings = { PRODUCT_BUNDLE_IDENTIFIER = "com.personal.ClockWork"; PRODUCT_NAME = "$(TARGET_NAME)"; INFOPLIST_FILE = "ClockWork/Resources/Info.plist"; GENERATE_INFOPLIST_FILE = "NO"; CODE_SIGN_STYLE = "Automatic"; CURRENT_PROJECT_VERSION = "1"; MARKETING_VERSION = "1.0"; TARGETED_DEVICE_FAMILY = "1"; SUPPORTED_PLATFORMS = "iphoneos iphonesimulator"; SUPPORTS_MACCATALYST = "NO"; SUPPORTS_MAC_DESIGNED_FOR_IPHONE_IPAD = "NO"; ASSETCATALOG_COMPILER_GLOBAL_ACCENT_COLOR_NAME = "AccentColor"; ASSETCATALOG_COMPILER_APPICON_NAME = "AppIcon"; SWIFT_EMIT_LOC_STRINGS = "YES"; LD_RUNPATH_SEARCH_PATHS = "$(inherited) @executable_path/Frameworks"; }; name = Debug; };
		E28089EB494F94D6F9770EC2 = { isa = XCBuildConfiguration; buildSettings = { PRODUCT_BUNDLE_IDENTIFIER = "com.personal.ClockWork"; PRODUCT_NAME = "$(TARGET_NAME)"; INFOPLIST_FILE = "ClockWork/Resources/Info.plist"; GENERATE_INFOPLIST_FILE = "NO"; CODE_SIGN_STYLE = "Automatic"; CURRENT_PROJECT_VERSION = "1"; MARKETING_VERSION = "1.0"; TARGETED_DEVICE_FAMILY = "1"; SUPPORTED_PLATFORMS = "iphoneos iphonesimulator"; SUPPORTS_MACCATALYST = "NO"; SUPPORTS_MAC_DESIGNED_FOR_IPHONE_IPAD = "NO"; ASSETCATALOG_COMPILER_GLOBAL_ACCENT_COLOR_NAME = "AccentColor"; ASSETCATALOG_COMPILER_APPICON_NAME = "AppIcon"; SWIFT_EMIT_LOC_STRINGS = "YES"; LD_RUNPATH_SEARCH_PATHS = "$(inherited) @executable_path/Frameworks"; }; name = Release; };
		7BCEE9A04133D8A2FED7D4D3 = { isa = XCConfigurationList; buildConfigurations = (2A04C20BF6D5C20A63A1D4CC, E28089EB494F94D6F9770EC2,); defaultConfigurationIsVisible = 0; defaultConfigurationName = Release; };
		88B88E0179E3F72210D21B33 = { isa = XCBuildConfiguration; buildSettings = { PRODUCT_BUNDLE_IDENTIFIER = "com.personal.ClockWorkTests"; PRODUCT_NAME = "$(TARGET_NAME)"; GENERATE_INFOPLIST_FILE = "YES"; CODE_SIGN_STYLE = "Automatic"; TARGETED_DEVICE_FAMILY = "1"; BUNDLE_LOADER = "$(TEST_HOST)"; TEST_HOST = "$(BUILT_PRODUCTS_DIR)/ClockWork.app/$(BUNDLE_EXECUTABLE_FOLDER_PATH)/ClockWork"; LD_RUNPATH_SEARCH_PATHS = "$(inherited) @executable_path/Frameworks @loader_path/Frameworks"; }; name = Debug; };
		A8A9BF34DBF8F1867F207864 = { isa = XCBuildConfiguration; buildSettings = { PRODUCT_BUNDLE_IDENTIFIER = "com.personal.ClockWorkTests"; PRODUCT_NAME = "$(TARGET_NAME)"; GENERATE_INFOPLIST_FILE = "YES"; CODE_SIGN_STYLE = "Automatic"; TARGETED_DEVICE_FAMILY = "1"; BUNDLE_LOADER = "$(TEST_HOST)"; TEST_HOST = "$(BUILT_PRODUCTS_DIR)/ClockWork.app/$(BUNDLE_EXECUTABLE_FOLDER_PATH)/ClockWork"; LD_RUNPATH_SEARCH_PATHS = "$(inherited) @executable_path/Frameworks @loader_path/Frameworks"; }; name = Release; };
		AD7020964E1E033F765FE484 = { isa = XCConfigurationList; buildConfigurations = (88B88E0179E3F72210D21B33, A8A9BF34DBF8F1867F207864,); defaultConfigurationIsVisible = 0; defaultConfigurationName = Release; };
		244210E48437B6556980A702 = { isa = PBXProject; attributes = { BuildIndependentTargetsInParallel = YES; LastSwiftUpdateCheck = 1600; LastUpgradeCheck = 1600; TargetAttributes = { C1E9827DB735CA9BAA54A540 = { CreatedOnToolsVersion = 16.0; }; 9805CBD60EB4F66728D5D195 = { CreatedOnToolsVersion = 16.0; TestTargetID = C1E9827DB735CA9BAA54A540; }; }; }; buildConfigurationList = B4E10CAA9C5E22150B71559C; compatibilityVersion = "Xcode 14.0"; developmentRegion = fr; hasScannedForEncodings = 0; knownRegions = (fr, en, Base); mainGroup = C69913C7EE4DFDD011BE172F; productRefGroup = B9E7F2871A3402983868AFC8; projectDirPath = ""; projectRoot = ""; targets = (C1E9827DB735CA9BAA54A540, 9805CBD60EB4F66728D5D195,); };
	};
	rootObject = 244210E48437B6556980A702;
}
